
Microsoft Visual Studio Solution File, Format Version 12.00
# Visual Studio Version 17
VisualStudioVersion = 17.11.35312.102
MinimumVisualStudioVersion = 10.0.40219.1
Project("{FAE04EC0-301F-11D3-BF4B-00C04F79EFBC}") = "Code", "Code\Code.csproj", "{86AB7386-53C9-47B1-AC5D-74085255EA9B}"
EndProject
Global
	GlobalSection(SolutionConfigurationPlatforms) = preSolution
		Debug|Any CPU = Debug|Any CPU
		Release|Any CPU = Release|Any CPU
	EndGlobalSection
	GlobalSection(ProjectConfigurationPlatforms) = postSolution
		{86AB7386-53C9-47B1-AC5D-74085255EA9B}.Debug|Any CPU.ActiveCfg = Debug|Any CPU
		{86AB7386-53C9-47B1-AC5D-74085255EA9B}.Debug|Any CPU.Build.0 = Debug|Any CPU
		{86AB7386-53C9-47B1-AC5D-74085255EA9B}.Release|Any CPU.ActiveCfg = Release|Any CPU
		{86AB7386-53C9-47B1-AC5D-74085255EA9B}.Release|Any CPU.Build.0 = Release|Any CPU
	EndGlobalSection
	GlobalSection(SolutionProperties) = preSolution
		HideSolutionNode = FALSE
	EndGlobalSection
	GlobalSection(ExtensibilityGlobals) = postSolution
		SolutionGuid = {421ECF4D-49ED-4BE3-97F1-6769C4D1868C}
	EndGlobalSection
EndGlobal
