
Microsoft Visual Studio Solution File, Format Version 12.00
# Visual Studio Version 17
VisualStudioVersion = 17.11.35312.102
MinimumVisualStudioVersion = 10.0.40219.1
Project("{FAE04EC0-301F-11D3-BF4B-00C04F79EFBC}") = "GetStartedWinForms", "GetStartedWinForms.csproj", "{ACC4AC6C-341E-4DFA-A548-0E1916CE9971}"
EndProject
Global
	GlobalSection(SolutionConfigurationPlatforms) = preSolution
		Debug|Any CPU = Debug|Any CPU
		Release|Any CPU = Release|Any CPU
	EndGlobalSection
	GlobalSection(ProjectConfigurationPlatforms) = postSolution
		{ACC4AC6C-341E-4DFA-A548-0E1916CE9971}.Debug|Any CPU.ActiveCfg = Debug|Any CPU
		{ACC4AC6C-341E-4DFA-A548-0E1916CE9971}.Debug|Any CPU.Build.0 = Debug|Any CPU
		{ACC4AC6C-341E-4DFA-A548-0E1916CE9971}.Release|Any CPU.ActiveCfg = Release|Any CPU
		{ACC4AC6C-341E-4DFA-A548-0E1916CE9971}.Release|Any CPU.Build.0 = Release|Any CPU
	EndGlobalSection
	GlobalSection(SolutionProperties) = preSolution
		HideSolutionNode = FALSE
	EndGlobalSection
	GlobalSection(ExtensibilityGlobals) = postSolution
		SolutionGuid = {1DCD165A-5696-4B61-A173-D527F5E0E24F}
	EndGlobalSection
EndGlobal
