
Microsoft Visual Studio Solution File, Format Version 12.00
# Visual Studio Version 17
VisualStudioVersion = 17.5.002.0
MinimumVisualStudioVersion = 10.0.40219.1
Project("{9A19103F-16F7-4668-BE54-9A1E7A4F7556}") = "Code", "Code.csproj", "{B7AB9382-AC6D-4083-B382-A7C47CCE9C66}"
EndProject
Global
	GlobalSection(SolutionConfigurationPlatforms) = preSolution
		Debug|Any CPU = Debug|Any CPU
		Release|Any CPU = Release|Any CPU
	EndGlobalSection
	GlobalSection(ProjectConfigurationPlatforms) = postSolution
		{B7AB9382-AC6D-4083-B382-A7C47CCE9C66}.Debug|Any CPU.ActiveCfg = Debug|Any CPU
		{B7AB9382-AC6D-4083-B382-A7C47CCE9C66}.Debug|Any CPU.Build.0 = Debug|Any CPU
		{B7AB9382-AC6D-4083-B382-A7C47CCE9C66}.Release|Any CPU.ActiveCfg = Release|Any CPU
		{B7AB9382-AC6D-4083-B382-A7C47CCE9C66}.Release|Any CPU.Build.0 = Release|Any CPU
	EndGlobalSection
	GlobalSection(SolutionProperties) = preSolution
		HideSolutionNode = FALSE
	EndGlobalSection
	GlobalSection(ExtensibilityGlobals) = postSolution
		SolutionGuid = {C4069787-D1F9-4353-BD88-7A92F35F60F7}
	EndGlobalSection
EndGlobal
